{
  "name": "signoff/signoff",
  "description": "A website to manage the SignOff project",
  "type": "project",
  "require": {
    "php": "^7.4 || ^8.0 || ^8.2",
    "ext-pdo": "*",
    "ext-json": "*",
    "monolog/monolog": "^2.0",
    "guzzlehttp/guzzle": "^7.0"
  },
  "require-dev": {
    "phpunit/phpunit": "^9.0"
  },
  "autoload": {
    "psr-4": {
      "SignOff\\": "src/"
    }
  },
  "scripts": {
    "test": "phpunit"
  },
  "authors": [
    {
      "name": "Alexis Felix",
      "email": "afelix@radiomobile.com"
    }
  ],
  "license": "ISC"
}
